{
    "version": 3,
    "terraform_version": "0.11.2",
    "serial": 7,
    "lineage": "6c2120da-861f-42db-b7a3-35e37be43d90",
    "modules": [
        {
            "path": [
                "root"
            ],
            "outputs": {},
            "resources": {
                "aws_internet_gateway.default": {
                    "type": "aws_internet_gateway",
                    "depends_on": [
                        "aws_vpc.default"
                    ],
                    "primary": {
                        "id": "igw-9a3bf2fc",
                        "attributes": {
                            "id": "igw-9a3bf2fc",
                            "tags.%": "0",
                            "vpc_id": "vpc-9fc617e6"
                        },
                        "meta": {},
                        "tainted": false
                    },
                    "deposed": [],
                    "provider": "provider.aws"
                },
                "aws_route.internet_access": {
                    "type": "aws_route",
                    "depends_on": [
                        "aws_internet_gateway.default",
                        "aws_vpc.default"
                    ],
                    "primary": {
                        "id": "r-rtb-ac6e81d41080289494",
                        "attributes": {
                            "destination_cidr_block": "0.0.0.0/0",
                            "destination_prefix_list_id": "",
                            "egress_only_gateway_id": "",
                            "gateway_id": "igw-9a3bf2fc",
                            "id": "r-rtb-ac6e81d41080289494",
                            "instance_id": "",
                            "instance_owner_id": "",
                            "nat_gateway_id": "",
                            "network_interface_id": "",
                            "origin": "CreateRoute",
                            "route_table_id": "rtb-ac6e81d4",
                            "state": "active",
                            "vpc_peering_connection_id": ""
                        },
                        "meta": {},
                        "tainted": false
                    },
                    "deposed": [],
                    "provider": "provider.aws"
                },
                "aws_security_group.national-parks": {
                    "type": "aws_security_group",
                    "depends_on": [
                        "aws_vpc.default"
                    ],
                    "primary": {
                        "id": "sg-5edced22",
                        "attributes": {
                            "description": "National Parks",
                            "egress.#": "1",
                            "egress.482069346.cidr_blocks.#": "1",
                            "egress.482069346.cidr_blocks.0": "0.0.0.0/0",
                            "egress.482069346.description": "",
                            "egress.482069346.from_port": "0",
                            "egress.482069346.ipv6_cidr_blocks.#": "0",
                            "egress.482069346.prefix_list_ids.#": "0",
                            "egress.482069346.protocol": "-1",
                            "egress.482069346.security_groups.#": "0",
                            "egress.482069346.self": "false",
                            "egress.482069346.to_port": "0",
                            "id": "sg-5edced22",
                            "ingress.#": "6",
                            "ingress.2309201612.cidr_blocks.#": "1",
                            "ingress.2309201612.cidr_blocks.0": "0.0.0.0/0",
                            "ingress.2309201612.description": "",
                            "ingress.2309201612.from_port": "9631",
                            "ingress.2309201612.ipv6_cidr_blocks.#": "0",
                            "ingress.2309201612.protocol": "udp",
                            "ingress.2309201612.security_groups.#": "0",
                            "ingress.2309201612.self": "false",
                            "ingress.2309201612.to_port": "9631",
                            "ingress.2345013703.cidr_blocks.#": "1",
                            "ingress.2345013703.cidr_blocks.0": "0.0.0.0/0",
                            "ingress.2345013703.description": "",
                            "ingress.2345013703.from_port": "9638",
                            "ingress.2345013703.ipv6_cidr_blocks.#": "0",
                            "ingress.2345013703.protocol": "udp",
                            "ingress.2345013703.security_groups.#": "0",
                            "ingress.2345013703.self": "false",
                            "ingress.2345013703.to_port": "9638",
                            "ingress.2761925066.cidr_blocks.#": "1",
                            "ingress.2761925066.cidr_blocks.0": "0.0.0.0/0",
                            "ingress.2761925066.description": "",
                            "ingress.2761925066.from_port": "9638",
                            "ingress.2761925066.ipv6_cidr_blocks.#": "0",
                            "ingress.2761925066.protocol": "tcp",
                            "ingress.2761925066.security_groups.#": "0",
                            "ingress.2761925066.self": "false",
                            "ingress.2761925066.to_port": "9638",
                            "ingress.2801413825.cidr_blocks.#": "1",
                            "ingress.2801413825.cidr_blocks.0": "0.0.0.0/0",
                            "ingress.2801413825.description": "",
                            "ingress.2801413825.from_port": "9631",
                            "ingress.2801413825.ipv6_cidr_blocks.#": "0",
                            "ingress.2801413825.protocol": "tcp",
                            "ingress.2801413825.security_groups.#": "0",
                            "ingress.2801413825.self": "false",
                            "ingress.2801413825.to_port": "9631",
                            "ingress.516175195.cidr_blocks.#": "1",
                            "ingress.516175195.cidr_blocks.0": "0.0.0.0/0",
                            "ingress.516175195.description": "",
                            "ingress.516175195.from_port": "8080",
                            "ingress.516175195.ipv6_cidr_blocks.#": "0",
                            "ingress.516175195.protocol": "tcp",
                            "ingress.516175195.security_groups.#": "0",
                            "ingress.516175195.self": "false",
                            "ingress.516175195.to_port": "8080",
                            "ingress.599641889.cidr_blocks.#": "1",
                            "ingress.599641889.cidr_blocks.0": "0.0.0.0/0",
                            "ingress.599641889.description": "",
                            "ingress.599641889.from_port": "27017",
                            "ingress.599641889.ipv6_cidr_blocks.#": "0",
                            "ingress.599641889.protocol": "tcp",
                            "ingress.599641889.security_groups.#": "0",
                            "ingress.599641889.self": "false",
                            "ingress.599641889.to_port": "27017",
                            "name": "scottford-national-parks",
                            "owner_id": "496323866215",
                            "revoke_rules_on_delete": "false",
                            "tags.%": "3",
                            "tags.X-Application": "national-parks",
                            "tags.X-Contact": "The Example Maintainer \u003cmaintainer@example.com\u003e",
                            "tags.X-ManagedBy": "Terraform",
                            "vpc_id": "vpc-9fc617e6"
                        },
                        "meta": {
                            "schema_version": "1"
                        },
                        "tainted": false
                    },
                    "deposed": [],
                    "provider": "provider.aws"
                },
                "aws_subnet.default": {
                    "type": "aws_subnet",
                    "depends_on": [
                        "aws_vpc.default"
                    ],
                    "primary": {
                        "id": "subnet-476cad1d",
                        "attributes": {
                            "assign_ipv6_address_on_creation": "false",
                            "availability_zone": "us-west-2c",
                            "cidr_block": "10.0.1.0/24",
                            "id": "subnet-476cad1d",
                            "map_public_ip_on_launch": "true",
                            "tags.%": "0",
                            "vpc_id": "vpc-9fc617e6"
                        },
                        "meta": {
                            "schema_version": "1"
                        },
                        "tainted": false
                    },
                    "deposed": [],
                    "provider": "provider.aws"
                },
                "aws_vpc.default": {
                    "type": "aws_vpc",
                    "depends_on": [],
                    "primary": {
                        "id": "vpc-9fc617e6",
                        "attributes": {
                            "assign_generated_ipv6_cidr_block": "false",
                            "cidr_block": "10.0.0.0/16",
                            "default_network_acl_id": "acl-b9602cc0",
                            "default_route_table_id": "rtb-ac6e81d4",
                            "default_security_group_id": "sg-8bdaebf7",
                            "dhcp_options_id": "dopt-90b951f5",
                            "enable_classiclink": "false",
                            "enable_classiclink_dns_support": "false",
                            "enable_dns_hostnames": "false",
                            "enable_dns_support": "true",
                            "id": "vpc-9fc617e6",
                            "instance_tenancy": "default",
                            "main_route_table_id": "rtb-ac6e81d4",
                            "tags.%": "1",
                            "tags.Name": "scottford-national-parks"
                        },
                        "meta": {
                            "schema_version": "1"
                        },
                        "tainted": false
                    },
                    "deposed": [],
                    "provider": "provider.aws"
                },
                "random_id.national_parks_id": {
                    "type": "random_id",
                    "depends_on": [],
                    "primary": {
                        "id": "h1JGsQ",
                        "attributes": {
                            "b64": "h1JGsQ",
                            "b64_std": "h1JGsQ==",
                            "b64_url": "h1JGsQ",
                            "byte_length": "4",
                            "dec": "2270316209",
                            "hex": "875246b1",
                            "id": "h1JGsQ"
                        },
                        "meta": {},
                        "tainted": false
                    },
                    "deposed": [],
                    "provider": "provider.random"
                }
            },
            "depends_on": []
        }
    ]
}
