{
    "version": 3,
    "terraform_version": "0.11.2",
    "serial": 15,
    "lineage": "6c2120da-861f-42db-b7a3-35e37be43d90",
    "modules": [
        {
            "path": [
                "root"
            ],
            "outputs": {},
            "resources": {
                "aws_instance.initial-peer": {
                    "type": "aws_instance",
                    "depends_on": [
                        "aws_security_group.national-parks",
                        "aws_subnet.default",
                        "data.aws_ami.ubuntu",
                        "data.template_file.initial_peer",
                        "data.template_file.install_hab",
                        "random_id.national_parks_id"
                    ],
                    "primary": {
                        "id": "i-0f2104dae3147d052",
                        "attributes": {
                            "ami": "ami-1ee65166",
                            "associate_public_ip_address": "true",
                            "availability_zone": "us-west-2c",
                            "disable_api_termination": "false",
                            "ebs_block_device.#": "0",
                            "ebs_optimized": "false",
                            "ephemeral_block_device.#": "0",
                            "iam_instance_profile": "",
                            "id": "i-0f2104dae3147d052",
                            "instance_state": "running",
                            "instance_type": "m4.large",
                            "ipv6_addresses.#": "0",
                            "key_name": "scottford",
                            "monitoring": "false",
                            "network_interface.#": "0",
                            "network_interface_id": "eni-88c6bc8c",
                            "placement_group": "",
                            "primary_network_interface_id": "eni-88c6bc8c",
                            "private_dns": "ip-10-0-1-171.us-west-2.compute.internal",
                            "private_ip": "10.0.1.171",
                            "public_dns": "",
                            "public_ip": "54.202.231.198",
                            "root_block_device.#": "1",
                            "root_block_device.0.delete_on_termination": "true",
                            "root_block_device.0.iops": "100",
                            "root_block_device.0.volume_size": "8",
                            "root_block_device.0.volume_type": "gp2",
                            "security_groups.#": "0",
                            "source_dest_check": "true",
                            "subnet_id": "subnet-18894942",
                            "tags.%": "3",
                            "tags.Name": "national_parks_04547c6d_initial_peer",
                            "tags.X-Contact": "scottford",
                            "tags.X-Dept": "SCE",
                            "tenancy": "default",
                            "volume_tags.%": "0",
                            "vpc_security_group_ids.#": "1",
                            "vpc_security_group_ids.2831890942": "sg-876f5ffb"
                        },
                        "meta": {
                            "e2bfb730-ecaa-11e6-8f88-34363bc7c4c0": {
                                "create": 600000000000,
                                "delete": 600000000000,
                                "update": 600000000000
                            },
                            "schema_version": "1"
                        },
                        "tainted": true
                    },
                    "deposed": [],
                    "provider": "provider.aws"
                },
                "aws_internet_gateway.default": {
                    "type": "aws_internet_gateway",
                    "depends_on": [
                        "aws_vpc.default"
                    ],
                    "primary": {
                        "id": "igw-ad5990cb",
                        "attributes": {
                            "id": "igw-ad5990cb",
                            "vpc_id": "vpc-5913c220"
                        },
                        "meta": {},
                        "tainted": false
                    },
                    "deposed": [],
                    "provider": "provider.aws"
                },
                "aws_route.internet_access": {
                    "type": "aws_route",
                    "depends_on": [
                        "aws_internet_gateway.default",
                        "aws_vpc.default"
                    ],
                    "primary": {
                        "id": "r-rtb-cd57b8b51080289494",
                        "attributes": {
                            "destination_cidr_block": "0.0.0.0/0",
                            "destination_prefix_list_id": "",
                            "egress_only_gateway_id": "",
                            "gateway_id": "igw-ad5990cb",
                            "id": "r-rtb-cd57b8b51080289494",
                            "instance_id": "",
                            "instance_owner_id": "",
                            "nat_gateway_id": "",
                            "network_interface_id": "",
                            "origin": "CreateRoute",
                            "route_table_id": "rtb-cd57b8b5",
                            "state": "active",
                            "vpc_peering_connection_id": ""
                        },
                        "meta": {},
                        "tainted": false
                    },
                    "deposed": [],
                    "provider": "provider.aws"
                },
                "aws_security_group.national-parks": {
                    "type": "aws_security_group",
                    "depends_on": [
                        "aws_vpc.default",
                        "random_id.national_parks_id"
                    ],
                    "primary": {
                        "id": "sg-876f5ffb",
                        "attributes": {
                            "description": "National Parks",
                            "egress.#": "1",
                            "egress.482069346.cidr_blocks.#": "1",
                            "egress.482069346.cidr_blocks.0": "0.0.0.0/0",
                            "egress.482069346.description": "",
                            "egress.482069346.from_port": "0",
                            "egress.482069346.ipv6_cidr_blocks.#": "0",
                            "egress.482069346.prefix_list_ids.#": "0",
                            "egress.482069346.protocol": "-1",
                            "egress.482069346.security_groups.#": "0",
                            "egress.482069346.self": "false",
                            "egress.482069346.to_port": "0",
                            "id": "sg-876f5ffb",
                            "ingress.#": "7",
                            "ingress.2309201612.cidr_blocks.#": "1",
                            "ingress.2309201612.cidr_blocks.0": "0.0.0.0/0",
                            "ingress.2309201612.description": "",
                            "ingress.2309201612.from_port": "9631",
                            "ingress.2309201612.ipv6_cidr_blocks.#": "0",
                            "ingress.2309201612.protocol": "udp",
                            "ingress.2309201612.security_groups.#": "0",
                            "ingress.2309201612.self": "false",
                            "ingress.2309201612.to_port": "9631",
                            "ingress.2345013703.cidr_blocks.#": "1",
                            "ingress.2345013703.cidr_blocks.0": "0.0.0.0/0",
                            "ingress.2345013703.description": "",
                            "ingress.2345013703.from_port": "9638",
                            "ingress.2345013703.ipv6_cidr_blocks.#": "0",
                            "ingress.2345013703.protocol": "udp",
                            "ingress.2345013703.security_groups.#": "0",
                            "ingress.2345013703.self": "false",
                            "ingress.2345013703.to_port": "9638",
                            "ingress.2541437006.cidr_blocks.#": "1",
                            "ingress.2541437006.cidr_blocks.0": "0.0.0.0/0",
                            "ingress.2541437006.description": "",
                            "ingress.2541437006.from_port": "22",
                            "ingress.2541437006.ipv6_cidr_blocks.#": "0",
                            "ingress.2541437006.protocol": "tcp",
                            "ingress.2541437006.security_groups.#": "0",
                            "ingress.2541437006.self": "false",
                            "ingress.2541437006.to_port": "22",
                            "ingress.2761925066.cidr_blocks.#": "1",
                            "ingress.2761925066.cidr_blocks.0": "0.0.0.0/0",
                            "ingress.2761925066.description": "",
                            "ingress.2761925066.from_port": "9638",
                            "ingress.2761925066.ipv6_cidr_blocks.#": "0",
                            "ingress.2761925066.protocol": "tcp",
                            "ingress.2761925066.security_groups.#": "0",
                            "ingress.2761925066.self": "false",
                            "ingress.2761925066.to_port": "9638",
                            "ingress.2801413825.cidr_blocks.#": "1",
                            "ingress.2801413825.cidr_blocks.0": "0.0.0.0/0",
                            "ingress.2801413825.description": "",
                            "ingress.2801413825.from_port": "9631",
                            "ingress.2801413825.ipv6_cidr_blocks.#": "0",
                            "ingress.2801413825.protocol": "tcp",
                            "ingress.2801413825.security_groups.#": "0",
                            "ingress.2801413825.self": "false",
                            "ingress.2801413825.to_port": "9631",
                            "ingress.516175195.cidr_blocks.#": "1",
                            "ingress.516175195.cidr_blocks.0": "0.0.0.0/0",
                            "ingress.516175195.description": "",
                            "ingress.516175195.from_port": "8080",
                            "ingress.516175195.ipv6_cidr_blocks.#": "0",
                            "ingress.516175195.protocol": "tcp",
                            "ingress.516175195.security_groups.#": "0",
                            "ingress.516175195.self": "false",
                            "ingress.516175195.to_port": "8080",
                            "ingress.599641889.cidr_blocks.#": "1",
                            "ingress.599641889.cidr_blocks.0": "0.0.0.0/0",
                            "ingress.599641889.description": "",
                            "ingress.599641889.from_port": "27017",
                            "ingress.599641889.ipv6_cidr_blocks.#": "0",
                            "ingress.599641889.protocol": "tcp",
                            "ingress.599641889.security_groups.#": "0",
                            "ingress.599641889.self": "false",
                            "ingress.599641889.to_port": "27017",
                            "name": "scottford-04547c6d-national-parks",
                            "owner_id": "496323866215",
                            "revoke_rules_on_delete": "false",
                            "tags.%": "3",
                            "tags.X-Application": "national-parks",
                            "tags.X-Contact": "The Example Maintainer \u003cmaintainer@example.com\u003e",
                            "tags.X-ManagedBy": "Terraform",
                            "vpc_id": "vpc-5913c220"
                        },
                        "meta": {
                            "schema_version": "1"
                        },
                        "tainted": false
                    },
                    "deposed": [],
                    "provider": "provider.aws"
                },
                "aws_subnet.default": {
                    "type": "aws_subnet",
                    "depends_on": [
                        "aws_vpc.default"
                    ],
                    "primary": {
                        "id": "subnet-18894942",
                        "attributes": {
                            "assign_ipv6_address_on_creation": "false",
                            "availability_zone": "us-west-2c",
                            "cidr_block": "10.0.1.0/24",
                            "id": "subnet-18894942",
                            "map_public_ip_on_launch": "true",
                            "tags.%": "0",
                            "vpc_id": "vpc-5913c220"
                        },
                        "meta": {
                            "schema_version": "1"
                        },
                        "tainted": false
                    },
                    "deposed": [],
                    "provider": "provider.aws"
                },
                "aws_vpc.default": {
                    "type": "aws_vpc",
                    "depends_on": [
                        "random_id.national_parks_id"
                    ],
                    "primary": {
                        "id": "vpc-5913c220",
                        "attributes": {
                            "assign_generated_ipv6_cidr_block": "false",
                            "cidr_block": "10.0.0.0/16",
                            "default_network_acl_id": "acl-ca91ddb3",
                            "default_route_table_id": "rtb-cd57b8b5",
                            "default_security_group_id": "sg-956e5ee9",
                            "dhcp_options_id": "dopt-90b951f5",
                            "enable_classiclink": "false",
                            "enable_classiclink_dns_support": "false",
                            "enable_dns_hostnames": "false",
                            "enable_dns_support": "true",
                            "id": "vpc-5913c220",
                            "instance_tenancy": "default",
                            "main_route_table_id": "rtb-cd57b8b5",
                            "tags.%": "1",
                            "tags.Name": "04547c6d-national-parks"
                        },
                        "meta": {
                            "schema_version": "1"
                        },
                        "tainted": false
                    },
                    "deposed": [],
                    "provider": "provider.aws"
                },
                "data.aws_ami.ubuntu": {
                    "type": "aws_ami",
                    "depends_on": [],
                    "primary": {
                        "id": "ami-1ee65166",
                        "attributes": {
                            "architecture": "x86_64",
                            "block_device_mappings.#": "3",
                            "block_device_mappings.1634610537.device_name": "/dev/sdb",
                            "block_device_mappings.1634610537.ebs.%": "0",
                            "block_device_mappings.1634610537.no_device": "",
                            "block_device_mappings.1634610537.virtual_name": "ephemeral0",
                            "block_device_mappings.2547816212.device_name": "/dev/sda1",
                            "block_device_mappings.2547816212.ebs.%": "6",
                            "block_device_mappings.2547816212.ebs.delete_on_termination": "true",
                            "block_device_mappings.2547816212.ebs.encrypted": "false",
                            "block_device_mappings.2547816212.ebs.iops": "0",
                            "block_device_mappings.2547816212.ebs.snapshot_id": "snap-0944c5788e584b8bc",
                            "block_device_mappings.2547816212.ebs.volume_size": "8",
                            "block_device_mappings.2547816212.ebs.volume_type": "gp2",
                            "block_device_mappings.2547816212.no_device": "",
                            "block_device_mappings.2547816212.virtual_name": "",
                            "block_device_mappings.3850042718.device_name": "/dev/sdc",
                            "block_device_mappings.3850042718.ebs.%": "0",
                            "block_device_mappings.3850042718.no_device": "",
                            "block_device_mappings.3850042718.virtual_name": "ephemeral1",
                            "creation_date": "2018-01-10T04:20:38.000Z",
                            "description": "Canonical, Ubuntu, 16.04 LTS, amd64 xenial image build on 2018-01-09",
                            "filter.#": "2",
                            "filter.3504227678.name": "name",
                            "filter.3504227678.values.#": "1",
                            "filter.3504227678.values.0": "ubuntu/images/hvm-ssd/ubuntu-xenial-16.04-amd64-server-20180109*",
                            "filter.490168357.name": "virtualization-type",
                            "filter.490168357.values.#": "1",
                            "filter.490168357.values.0": "hvm",
                            "hypervisor": "xen",
                            "id": "ami-1ee65166",
                            "image_id": "ami-1ee65166",
                            "image_location": "099720109477/ubuntu/images/hvm-ssd/ubuntu-xenial-16.04-amd64-server-20180109",
                            "image_type": "machine",
                            "most_recent": "true",
                            "name": "ubuntu/images/hvm-ssd/ubuntu-xenial-16.04-amd64-server-20180109",
                            "owner_id": "099720109477",
                            "owners.#": "1",
                            "owners.0": "099720109477",
                            "product_codes.#": "0",
                            "public": "true",
                            "root_device_name": "/dev/sda1",
                            "root_device_type": "ebs",
                            "root_snapshot_id": "snap-0944c5788e584b8bc",
                            "sriov_net_support": "simple",
                            "state": "available",
                            "state_reason.%": "2",
                            "state_reason.code": "UNSET",
                            "state_reason.message": "UNSET",
                            "tags.%": "0",
                            "virtualization_type": "hvm"
                        },
                        "meta": {},
                        "tainted": false
                    },
                    "deposed": [],
                    "provider": "provider.aws"
                },
                "data.template_file.initial_peer": {
                    "type": "template_file",
                    "depends_on": [],
                    "primary": {
                        "id": "10c663899d88f9235966d98b6de05ef009f729dcba843cda111b72063aa75477",
                        "attributes": {
                            "id": "10c663899d88f9235966d98b6de05ef009f729dcba843cda111b72063aa75477",
                            "rendered": "[Unit]\nDescription=Habitat Supervisor\n\n[Service]\nExecStartPre=/bin/bash -c \"/bin/systemctl \nExecStart=/bin/hab run --auto-update --listen-gossip 0.0.0.0:9638 --listen-http 0.0.0.0:9631 --permanent-peer\n\n[Install]\nWantedBy=default.target\n",
                            "template": "[Unit]\nDescription=Habitat Supervisor\n\n[Service]\nExecStartPre=/bin/bash -c \"/bin/systemctl \nExecStart=/bin/hab run ${flags}\n\n[Install]\nWantedBy=default.target\n",
                            "vars.%": "1",
                            "vars.flags": "--auto-update --listen-gossip 0.0.0.0:9638 --listen-http 0.0.0.0:9631 --permanent-peer"
                        },
                        "meta": {},
                        "tainted": false
                    },
                    "deposed": [],
                    "provider": "provider.template"
                },
                "data.template_file.install_hab": {
                    "type": "template_file",
                    "depends_on": [],
                    "primary": {
                        "id": "a848e51266c030c2d4e67f2c4d73765d5866acd21534322d5f9ca638decd67ff",
                        "attributes": {
                            "id": "a848e51266c030c2d4e67f2c4d73765d5866acd21534322d5f9ca638decd67ff",
                            "rendered": "#!/bin/bash\n\nset -euo pipefail\n\ncurl https://raw.githubusercontent.com/habitat-sh/habitat/master/components/hab/install.sh | sudo bash\n",
                            "template": "#!/bin/bash\n\nset -euo pipefail\n\ncurl https://raw.githubusercontent.com/habitat-sh/habitat/master/components/hab/install.sh | sudo bash\n"
                        },
                        "meta": {},
                        "tainted": false
                    },
                    "deposed": [],
                    "provider": "provider.template"
                },
                "random_id.national_parks_id": {
                    "type": "random_id",
                    "depends_on": [],
                    "primary": {
                        "id": "BFR8bQ",
                        "attributes": {
                            "b64": "BFR8bQ",
                            "b64_std": "BFR8bQ==",
                            "b64_url": "BFR8bQ",
                            "byte_length": "4",
                            "dec": "72645741",
                            "hex": "04547c6d",
                            "id": "BFR8bQ"
                        },
                        "meta": {},
                        "tainted": false
                    },
                    "deposed": [],
                    "provider": "provider.random"
                }
            },
            "depends_on": []
        }
    ]
}
